{
  "name": "bhumi_calpackage",
  "version": "1.0.1",
  "lockfileVersion": 3,
  "requires": true,
  "packages": {
    "": {
      "name": "bhumi_calpackage",
      "version": "1.0.1",
      "license": "ISC",
      "dependencies": {
        "bhumi_calpackage": "^1.0.1"
      }
    },
    "node_modules/bhumi_calpackage": {
      "version": "1.0.1",
      "resolved": "https://registry.npmjs.org/bhumi_calpackage/-/bhumi_calpackage-1.0.1.tgz",
      "integrity": "sha512-ApJA2+HsZYzek5cWofJ8/OTJG55olc906xsf/ZKTLISroVP9yHs94nSR3fxdzsQgA4/sv8svBZZ45qPToXZRCQ=="
    }
  }
}
